Microsoft Visual Studio Solution File, Format Version 12.00
# Visual Studio Version 17
VisualStudioVersion = 17.5.2.0
MinimumVisualStudioVersion = 10.0.40219.1
Project("{FAE04EC0-301F-11D3-BF4B-00C04F79EFBC}") = "UniversiteProjeYonetimSistemi", "UniversiteProjeYonetimSistemi\UniversiteProjeYonetimSistemi.csproj", "{288CAD0C-6F5F-1929-FC25-8E87212B035F}"
EndProject
Global
	GlobalSection(SolutionConfigurationPlatforms) = preSolution
		Debug|Any CPU = Debug|Any CPU
		Release|Any CPU = Release|Any CPU
	EndGlobalSection
	GlobalSection(ProjectConfigurationPlatforms) = postSolution
		{288CAD0C-6F5F-1929-FC25-8E87212B035F}.Debug|Any CPU.ActiveCfg = Debug|Any CPU
		{288CAD0C-6F5F-1929-FC25-8E87212B035F}.Debug|Any CPU.Build.0 = Debug|Any CPU
		{288CAD0C-6F5F-1929-FC25-8E87212B035F}.Release|Any CPU.ActiveCfg = Release|Any CPU
		{288CAD0C-6F5F-1929-FC25-8E87212B035F}.Release|Any CPU.Build.0 = Release|Any CPU
	EndGlobalSection
	GlobalSection(SolutionProperties) = preSolution
		HideSolutionNode = FALSE
	EndGlobalSection
	GlobalSection(ExtensibilityGlobals) = postSolution
		SolutionGuid = {946FC5DC-E976-440E-895D-95AB3606C770}
	EndGlobalSection
EndGlobal
